
Microsoft Visual Studio Solution File, Format Version 12.00
# Visual Studio Version 17
VisualStudioVersion = 17.11.35303.130
MinimumVisualStudioVersion = 10.0.40219.1
Project("{9A19103F-16F7-4668-BE54-9A1E7A4F7556}") = "Consumo-veiculos", "Consumo-veiculos\Consumo-veiculos.csproj", "{26AF5505-ED72-4E41-9C7C-79235B94DA6B}"
EndProject
Project("{2150E333-8FDC-42A3-9474-1A3956D46DE8}") = "Solution Items", "Solution Items", "{C293C58F-2D2A-4489-A462-508434F80EBF}"
	ProjectSection(SolutionItems) = preProject
		.editorconfig = .editorconfig
	EndProjectSection
EndProject
Global
	GlobalSection(SolutionConfigurationPlatforms) = preSolution
		Debug|Any CPU = Debug|Any CPU
		Release|Any CPU = Release|Any CPU
	EndGlobalSection
	GlobalSection(ProjectConfigurationPlatforms) = postSolution
		{26AF5505-ED72-4E41-9C7C-79235B94DA6B}.Debug|Any CPU.ActiveCfg = Debug|Any CPU
		{26AF5505-ED72-4E41-9C7C-79235B94DA6B}.Debug|Any CPU.Build.0 = Debug|Any CPU
		{26AF5505-ED72-4E41-9C7C-79235B94DA6B}.Release|Any CPU.ActiveCfg = Release|Any CPU
		{26AF5505-ED72-4E41-9C7C-79235B94DA6B}.Release|Any CPU.Build.0 = Release|Any CPU
	EndGlobalSection
	GlobalSection(SolutionProperties) = preSolution
		HideSolutionNode = FALSE
	EndGlobalSection
	GlobalSection(ExtensibilityGlobals) = postSolution
		SolutionGuid = {52BE4C14-C195-4B9B-8320-45C2A7B1A4AB}
	EndGlobalSection
EndGlobal
